
Microsoft Visual Studio Solution File, Format Version 12.00
# Visual Studio Version 17
VisualStudioVersion = 17.2.32526.322
MinimumVisualStudioVersion = 10.0.40219.1
Project("{FAE04EC0-301F-11D3-BF4B-00C04F79EFBC}") = "good  morning", "good  morning\good  morning.csproj", "{A0B9FB6C-B414-4D29-ACBB-EC7725A4C85A}"
EndProject
Global
	GlobalSection(SolutionConfigurationPlatforms) = preSolution
		Debug|Any CPU = Debug|Any CPU
		Release|Any CPU = Release|Any CPU
	EndGlobalSection
	GlobalSection(ProjectConfigurationPlatforms) = postSolution
		{A0B9FB6C-B414-4D29-ACBB-EC7725A4C85A}.Debug|Any CPU.ActiveCfg = Debug|Any CPU
		{A0B9FB6C-B414-4D29-ACBB-EC7725A4C85A}.Debug|Any CPU.Build.0 = Debug|Any CPU
		{A0B9FB6C-B414-4D29-ACBB-EC7725A4C85A}.Release|Any CPU.ActiveCfg = Release|Any CPU
		{A0B9FB6C-B414-4D29-ACBB-EC7725A4C85A}.Release|Any CPU.Build.0 = Release|Any CPU
	EndGlobalSection
	GlobalSection(SolutionProperties) = preSolution
		HideSolutionNode = FALSE
	EndGlobalSection
	GlobalSection(ExtensibilityGlobals) = postSolution
		SolutionGuid = {BAFCBC39-C091-488C-A971-CBFDEB17F393}
	EndGlobalSection
EndGlobal
